
Microsoft Visual Studio Solution File, Format Version 12.00
# Visual Studio Version 16
VisualStudioVersion = 16.0.31424.327
MinimumVisualStudioVersion = 10.0.40219.1
Project("{FAE04EC0-301F-11D3-BF4B-00C04F79EFBC}") = "CreateTable", "CreateTable.csproj", "{589E62D0-49DD-40ED-B91C-44D47E790B30}"
EndProject
Global
	GlobalSection(SolutionConfigurationPlatforms) = preSolution
		Debug|Any CPU = Debug|Any CPU
		Release|Any CPU = Release|Any CPU
	EndGlobalSection
	GlobalSection(ProjectConfigurationPlatforms) = postSolution
		{589E62D0-49DD-40ED-B91C-44D47E790B30}.Debug|Any CPU.ActiveCfg = Debug|Any CPU
		{589E62D0-49DD-40ED-B91C-44D47E790B30}.Debug|Any CPU.Build.0 = Debug|Any CPU
		{589E62D0-49DD-40ED-B91C-44D47E790B30}.Release|Any CPU.ActiveCfg = Release|Any CPU
		{589E62D0-49DD-40ED-B91C-44D47E790B30}.Release|Any CPU.Build.0 = Release|Any CPU
	EndGlobalSection
	GlobalSection(SolutionProperties) = preSolution
		HideSolutionNode = FALSE
	EndGlobalSection
	GlobalSection(ExtensibilityGlobals) = postSolution
		SolutionGuid = {C530938C-AC21-4873-818C-C1D0B5804740}
	EndGlobalSection
EndGlobal
